
Microsoft Visual Studio Solution File, Format Version 12.00
# Visual Studio Version 17
VisualStudioVersion = 17.7.34003.232
MinimumVisualStudioVersion = 10.0.40219.1
Project("{9A19103F-16F7-4668-BE54-9A1E7A4F7556}") = "web__TH__1", "web__TH__1.csproj", "{F4833184-3D67-4EC5-84FA-9EA7F61A723A}"
EndProject
Global
	GlobalSection(SolutionConfigurationPlatforms) = preSolution
		Debug|Any CPU = Debug|Any CPU
		Release|Any CPU = Release|Any CPU
	EndGlobalSection
	GlobalSection(ProjectConfigurationPlatforms) = postSolution
		{F4833184-3D67-4EC5-84FA-9EA7F61A723A}.Debug|Any CPU.ActiveCfg = Debug|Any CPU
		{F4833184-3D67-4EC5-84FA-9EA7F61A723A}.Debug|Any CPU.Build.0 = Debug|Any CPU
		{F4833184-3D67-4EC5-84FA-9EA7F61A723A}.Release|Any CPU.ActiveCfg = Release|Any CPU
		{F4833184-3D67-4EC5-84FA-9EA7F61A723A}.Release|Any CPU.Build.0 = Release|Any CPU
	EndGlobalSection
	GlobalSection(SolutionProperties) = preSolution
		HideSolutionNode = FALSE
	EndGlobalSection
	GlobalSection(ExtensibilityGlobals) = postSolution
		SolutionGuid = {0621EAA8-19A0-4D27-B0AA-664315F09F1E}
	EndGlobalSection
EndGlobal
